<?xml version="1.0" encoding="UTF-8" standalone="yes" ?>
<CodeBlocks_project_file>
	<FileVersion major="1" minor="6" />
	<Project>
		<Option title="Necropolis" />
		<Option pch_mode="2" />
		<Option compiler="gcc" />
		<Build>
			<Target title="Debug">
				<Option output="bin\Debug\Necropolis.exe" prefix_auto="1" extension_auto="1" />
				<Option object_output="obj\Debug\" />
				<Option type="0" />
				<Option compiler="gcc" />
				<Compiler>
					<Add option="-fexpensive-optimizations" />
					<Add option="-O3" />
					<Add option="-pg" />
				</Compiler>
				<Linker>
					<Add option="-pg -lgmon" />
				</Linker>
			</Target>
			<Target title="Release">
				<Option output="bin\Release\Necropolis.exe" prefix_auto="1" extension_auto="1" />
				<Option object_output="obj\Release\" />
				<Option type="0" />
				<Option compiler="gcc" />
				<Compiler>
					<Add option="-O2" />
				</Compiler>
				<Linker>
					<Add option="-s" />
				</Linker>
			</Target>
		</Build>
		<Compiler>
			<Add option="-Wall" />
			<Add directory="F:\SDK\SDL\SDL-1.2.11\include" />
			<Add directory="F:\SDK\AngelScript\2.8.0a\angelscript\include" />
			<Add directory="F:\SDK\AngelScript\2.8.0a\add_on" />
		</Compiler>
		<Linker>
			<Add library="mingw32" />
			<Add library="SDLmain" />
			<Add library="SDL.dll" />
			<Add library="user32" />
			<Add library="gdi32" />
			<Add library="winmm" />
			<Add library="dxguid" />
			<Add library="F:\SDK\AngelScript\2.8.0a\angelscript\lib\libangelscript.a" />
			<Add directory="F:\SDK\SDL\SDL-1.2.11\lib" />
		</Linker>
		<Unit filename="CGlobal.cpp" />
		<Unit filename="CGlobal.h" />
		<Unit filename="CLog.cpp" />
		<Unit filename="CLog.h" />
		<Unit filename="CObject.cpp" />
		<Unit filename="CObject.h" />
		<Unit filename="CObjectCollector.cpp" />
		<Unit filename="CObjectCollector.h" />
		<Unit filename="CScriptManager.cpp" />
		<Unit filename="CScriptManager.h" />
		<Unit filename="base_instance.h" />
		<Unit filename="cb.bmp" />
		<Unit filename="main.cpp" />
		<Unit filename="script1.as" />
		<Unit filename="script2.as" />
		<Unit filename="..\SDK\AngelScript\2.8.0a\add_on\scriptstring\scriptstring.cpp" />
		<Unit filename="..\SDK\AngelScript\2.8.0a\add_on\scriptstring\scriptstring.h" />
		<Unit filename="..\SDK\AngelScript\2.8.0a\angelscript\include\angelscript.h" />
		<Extensions>
			<code_completion />
		</Extensions>
	</Project>
</CodeBlocks_project_file>
